
Microsoft Visual Studio Solution File, Format Version 12.00
# Visual Studio Version 17
VisualStudioVersion = 17.1.32328.378
MinimumVisualStudioVersion = 10.0.40219.1
Project("{9A19103F-16F7-4668-BE54-9A1E7A4F7556}") = "GrannysKitchen.API", "GrannysKitchen.API\GrannysKitchen.API.csproj", "{501DDF67-D79A-4D04-8A6C-AA2E3D9284E7}"
EndProject
Project("{FAE04EC0-301F-11D3-BF4B-00C04F79EFBC}") = "GrannysKitchen.WebApp", "GrannysKitchen.WebApp\GrannysKitchen.WebApp.csproj", "{9AD43485-3DD5-4790-B67D-96B17AA79426}"
EndProject
Global
	GlobalSection(SolutionConfigurationPlatforms) = preSolution
		Debug|Any CPU = Debug|Any CPU
		Release|Any CPU = Release|Any CPU
	EndGlobalSection
	GlobalSection(ProjectConfigurationPlatforms) = postSolution
		{501DDF67-D79A-4D04-8A6C-AA2E3D9284E7}.Debug|Any CPU.ActiveCfg = Debug|Any CPU
		{501DDF67-D79A-4D04-8A6C-AA2E3D9284E7}.Debug|Any CPU.Build.0 = Debug|Any CPU
		{501DDF67-D79A-4D04-8A6C-AA2E3D9284E7}.Release|Any CPU.ActiveCfg = Release|Any CPU
		{501DDF67-D79A-4D04-8A6C-AA2E3D9284E7}.Release|Any CPU.Build.0 = Release|Any CPU
		{9AD43485-3DD5-4790-B67D-96B17AA79426}.Debug|Any CPU.ActiveCfg = Debug|Any CPU
		{9AD43485-3DD5-4790-B67D-96B17AA79426}.Debug|Any CPU.Build.0 = Debug|Any CPU
		{9AD43485-3DD5-4790-B67D-96B17AA79426}.Release|Any CPU.ActiveCfg = Release|Any CPU
		{9AD43485-3DD5-4790-B67D-96B17AA79426}.Release|Any CPU.Build.0 = Release|Any CPU
	EndGlobalSection
	GlobalSection(SolutionProperties) = preSolution
		HideSolutionNode = FALSE
	EndGlobalSection
	GlobalSection(ExtensibilityGlobals) = postSolution
		SolutionGuid = {D6C9C297-EDBD-4F40-B055-1320F88ABC6F}
	EndGlobalSection
EndGlobal
